
Microsoft Visual Studio Solution File, Format Version 12.00
# Visual Studio Version 17
VisualStudioVersion = 17.12.35707.178
MinimumVisualStudioVersion = 10.0.40219.1
Project("{8BC9CEB8-8B4A-11D0-8D11-00A0C91BC942}") = "MultipleDispatchATL", "MultipleDispatchATL\MultipleDispatchATL.vcxproj", "{77F1646E-72CA-426D-85DB-2E54B2CCBD9A}"
EndProject
Project("{8BC9CEB8-8B4A-11D0-8D11-00A0C91BC942}") = "MultipleDispatchATLPS", "MultipleDispatchATLPS\MultipleDispatchATLPS.vcxproj", "{C6C3BEBA-F482-46FC-9721-78A48B43D747}"
	ProjectSection(ProjectDependencies) = postProject
		{77F1646E-72CA-426D-85DB-2E54B2CCBD9A} = {77F1646E-72CA-426D-85DB-2E54B2CCBD9A}
	EndProjectSection
EndProject
Project("{8BC9CEB8-8B4A-11D0-8D11-00A0C91BC942}") = "MFCClient", "MFCClient\MFCClient.vcxproj", "{B6C0FE0D-454A-4C36-989C-2A40893D9E4F}"
	ProjectSection(ProjectDependencies) = postProject
		{77F1646E-72CA-426D-85DB-2E54B2CCBD9A} = {77F1646E-72CA-426D-85DB-2E54B2CCBD9A}
		{E1494B85-ECE5-4969-BA2D-D8D5BC1B9EFA} = {E1494B85-ECE5-4969-BA2D-D8D5BC1B9EFA}
	EndProjectSection
EndProject
Project("{8BC9CEB8-8B4A-11D0-8D11-00A0C91BC942}") = "QueryDispatchForScripts", "QueryDispatchForScripts\QueryDispatchForScripts.vcxproj", "{E1494B85-ECE5-4969-BA2D-D8D5BC1B9EFA}"
EndProject
Project("{8BC9CEB8-8B4A-11D0-8D11-00A0C91BC942}") = "QueryDispatchForScriptsPS", "QueryDispatchForScriptsPS\QueryDispatchForScriptsPS.vcxproj", "{010951A9-5127-4159-8B21-9AFF74FFCBF2}"
	ProjectSection(ProjectDependencies) = postProject
		{E1494B85-ECE5-4969-BA2D-D8D5BC1B9EFA} = {E1494B85-ECE5-4969-BA2D-D8D5BC1B9EFA}
	EndProjectSection
EndProject
Project("{FAE04EC0-301F-11D3-BF4B-00C04F79EFBC}") = "dotnetClient", "dotnetClient\dotnetClient.csproj", "{0D3BA34D-C3F8-4B1B-BD82-18AB2217A2E8}"
	ProjectSection(ProjectDependencies) = postProject
		{77F1646E-72CA-426D-85DB-2E54B2CCBD9A} = {77F1646E-72CA-426D-85DB-2E54B2CCBD9A}
		{E1494B85-ECE5-4969-BA2D-D8D5BC1B9EFA} = {E1494B85-ECE5-4969-BA2D-D8D5BC1B9EFA}
	EndProjectSection
EndProject
Global
	GlobalSection(SolutionConfigurationPlatforms) = preSolution
		Debug|Any CPU = Debug|Any CPU
		Debug|x64 = Debug|x64
		Debug|x86 = Debug|x86
		Release|Any CPU = Release|Any CPU
		Release|x64 = Release|x64
		Release|x86 = Release|x86
	EndGlobalSection
	GlobalSection(ProjectConfigurationPlatforms) = postSolution
		{77F1646E-72CA-426D-85DB-2E54B2CCBD9A}.Debug|Any CPU.ActiveCfg = Debug|x64
		{77F1646E-72CA-426D-85DB-2E54B2CCBD9A}.Debug|Any CPU.Build.0 = Debug|x64
		{77F1646E-72CA-426D-85DB-2E54B2CCBD9A}.Debug|x64.ActiveCfg = Debug|x64
		{77F1646E-72CA-426D-85DB-2E54B2CCBD9A}.Debug|x64.Build.0 = Debug|x64
		{77F1646E-72CA-426D-85DB-2E54B2CCBD9A}.Debug|x86.ActiveCfg = Debug|Win32
		{77F1646E-72CA-426D-85DB-2E54B2CCBD9A}.Debug|x86.Build.0 = Debug|Win32
		{77F1646E-72CA-426D-85DB-2E54B2CCBD9A}.Release|Any CPU.ActiveCfg = Release|x64
		{77F1646E-72CA-426D-85DB-2E54B2CCBD9A}.Release|Any CPU.Build.0 = Release|x64
		{77F1646E-72CA-426D-85DB-2E54B2CCBD9A}.Release|x64.ActiveCfg = Release|x64
		{77F1646E-72CA-426D-85DB-2E54B2CCBD9A}.Release|x64.Build.0 = Release|x64
		{77F1646E-72CA-426D-85DB-2E54B2CCBD9A}.Release|x86.ActiveCfg = Release|Win32
		{77F1646E-72CA-426D-85DB-2E54B2CCBD9A}.Release|x86.Build.0 = Release|Win32
		{C6C3BEBA-F482-46FC-9721-78A48B43D747}.Debug|Any CPU.ActiveCfg = Debug|x64
		{C6C3BEBA-F482-46FC-9721-78A48B43D747}.Debug|Any CPU.Build.0 = Debug|x64
		{C6C3BEBA-F482-46FC-9721-78A48B43D747}.Debug|x64.ActiveCfg = Debug|x64
		{C6C3BEBA-F482-46FC-9721-78A48B43D747}.Debug|x64.Build.0 = Debug|x64
		{C6C3BEBA-F482-46FC-9721-78A48B43D747}.Debug|x86.ActiveCfg = Debug|Win32
		{C6C3BEBA-F482-46FC-9721-78A48B43D747}.Debug|x86.Build.0 = Debug|Win32
		{C6C3BEBA-F482-46FC-9721-78A48B43D747}.Release|Any CPU.ActiveCfg = Release|x64
		{C6C3BEBA-F482-46FC-9721-78A48B43D747}.Release|Any CPU.Build.0 = Release|x64
		{C6C3BEBA-F482-46FC-9721-78A48B43D747}.Release|x64.ActiveCfg = Release|x64
		{C6C3BEBA-F482-46FC-9721-78A48B43D747}.Release|x64.Build.0 = Release|x64
		{C6C3BEBA-F482-46FC-9721-78A48B43D747}.Release|x86.ActiveCfg = Release|Win32
		{C6C3BEBA-F482-46FC-9721-78A48B43D747}.Release|x86.Build.0 = Release|Win32
		{B6C0FE0D-454A-4C36-989C-2A40893D9E4F}.Debug|Any CPU.ActiveCfg = Debug|x64
		{B6C0FE0D-454A-4C36-989C-2A40893D9E4F}.Debug|Any CPU.Build.0 = Debug|x64
		{B6C0FE0D-454A-4C36-989C-2A40893D9E4F}.Debug|x64.ActiveCfg = Debug|x64
		{B6C0FE0D-454A-4C36-989C-2A40893D9E4F}.Debug|x64.Build.0 = Debug|x64
		{B6C0FE0D-454A-4C36-989C-2A40893D9E4F}.Debug|x86.ActiveCfg = Debug|Win32
		{B6C0FE0D-454A-4C36-989C-2A40893D9E4F}.Debug|x86.Build.0 = Debug|Win32
		{B6C0FE0D-454A-4C36-989C-2A40893D9E4F}.Release|Any CPU.ActiveCfg = Release|x64
		{B6C0FE0D-454A-4C36-989C-2A40893D9E4F}.Release|Any CPU.Build.0 = Release|x64
		{B6C0FE0D-454A-4C36-989C-2A40893D9E4F}.Release|x64.ActiveCfg = Release|x64
		{B6C0FE0D-454A-4C36-989C-2A40893D9E4F}.Release|x64.Build.0 = Release|x64
		{B6C0FE0D-454A-4C36-989C-2A40893D9E4F}.Release|x86.ActiveCfg = Release|Win32
		{B6C0FE0D-454A-4C36-989C-2A40893D9E4F}.Release|x86.Build.0 = Release|Win32
		{E1494B85-ECE5-4969-BA2D-D8D5BC1B9EFA}.Debug|Any CPU.ActiveCfg = Debug|x64
		{E1494B85-ECE5-4969-BA2D-D8D5BC1B9EFA}.Debug|Any CPU.Build.0 = Debug|x64
		{E1494B85-ECE5-4969-BA2D-D8D5BC1B9EFA}.Debug|x64.ActiveCfg = Debug|x64
		{E1494B85-ECE5-4969-BA2D-D8D5BC1B9EFA}.Debug|x64.Build.0 = Debug|x64
		{E1494B85-ECE5-4969-BA2D-D8D5BC1B9EFA}.Debug|x86.ActiveCfg = Debug|Win32
		{E1494B85-ECE5-4969-BA2D-D8D5BC1B9EFA}.Debug|x86.Build.0 = Debug|Win32
		{E1494B85-ECE5-4969-BA2D-D8D5BC1B9EFA}.Release|Any CPU.ActiveCfg = Release|x64
		{E1494B85-ECE5-4969-BA2D-D8D5BC1B9EFA}.Release|Any CPU.Build.0 = Release|x64
		{E1494B85-ECE5-4969-BA2D-D8D5BC1B9EFA}.Release|x64.ActiveCfg = Release|x64
		{E1494B85-ECE5-4969-BA2D-D8D5BC1B9EFA}.Release|x64.Build.0 = Release|x64
		{E1494B85-ECE5-4969-BA2D-D8D5BC1B9EFA}.Release|x86.ActiveCfg = Release|Win32
		{E1494B85-ECE5-4969-BA2D-D8D5BC1B9EFA}.Release|x86.Build.0 = Release|Win32
		{010951A9-5127-4159-8B21-9AFF74FFCBF2}.Debug|Any CPU.ActiveCfg = Debug|x64
		{010951A9-5127-4159-8B21-9AFF74FFCBF2}.Debug|x64.ActiveCfg = Debug|x64
		{010951A9-5127-4159-8B21-9AFF74FFCBF2}.Debug|x86.ActiveCfg = Debug|Win32
		{010951A9-5127-4159-8B21-9AFF74FFCBF2}.Release|Any CPU.ActiveCfg = Release|x64
		{010951A9-5127-4159-8B21-9AFF74FFCBF2}.Release|x64.ActiveCfg = Release|x64
		{010951A9-5127-4159-8B21-9AFF74FFCBF2}.Release|x86.ActiveCfg = Release|Win32
		{0D3BA34D-C3F8-4B1B-BD82-18AB2217A2E8}.Debug|Any CPU.ActiveCfg = Debug|Any CPU
		{0D3BA34D-C3F8-4B1B-BD82-18AB2217A2E8}.Debug|Any CPU.Build.0 = Debug|Any CPU
		{0D3BA34D-C3F8-4B1B-BD82-18AB2217A2E8}.Debug|x64.ActiveCfg = Debug|Any CPU
		{0D3BA34D-C3F8-4B1B-BD82-18AB2217A2E8}.Debug|x64.Build.0 = Debug|Any CPU
		{0D3BA34D-C3F8-4B1B-BD82-18AB2217A2E8}.Debug|x86.ActiveCfg = Debug|Any CPU
		{0D3BA34D-C3F8-4B1B-BD82-18AB2217A2E8}.Debug|x86.Build.0 = Debug|Any CPU
		{0D3BA34D-C3F8-4B1B-BD82-18AB2217A2E8}.Release|Any CPU.ActiveCfg = Release|Any CPU
		{0D3BA34D-C3F8-4B1B-BD82-18AB2217A2E8}.Release|Any CPU.Build.0 = Release|Any CPU
		{0D3BA34D-C3F8-4B1B-BD82-18AB2217A2E8}.Release|x64.ActiveCfg = Release|Any CPU
		{0D3BA34D-C3F8-4B1B-BD82-18AB2217A2E8}.Release|x64.Build.0 = Release|Any CPU
		{0D3BA34D-C3F8-4B1B-BD82-18AB2217A2E8}.Release|x86.ActiveCfg = Release|Any CPU
		{0D3BA34D-C3F8-4B1B-BD82-18AB2217A2E8}.Release|x86.Build.0 = Release|Any CPU
	EndGlobalSection
	GlobalSection(SolutionProperties) = preSolution
		HideSolutionNode = FALSE
	EndGlobalSection
EndGlobal
